
Microsoft Visual Studio Solution File, Format Version 12.00
# Visual Studio Version 16
VisualStudioVersion = 16.0.30717.126
MinimumVisualStudioVersion = 10.0.40219.1
Project("{FAE04EC0-301F-11D3-BF4B-00C04F79EFBC}") = "apCalculadora", "apCalculadora.csproj", "{A66932F6-52B2-4D55-8CFA-50F783DA6AC3}"
EndProject
Global
	GlobalSection(SolutionConfigurationPlatforms) = preSolution
		Debug|Any CPU = Debug|Any CPU
		Release|Any CPU = Release|Any CPU
	EndGlobalSection
	GlobalSection(ProjectConfigurationPlatforms) = postSolution
		{A66932F6-52B2-4D55-8CFA-50F783DA6AC3}.Debug|Any CPU.ActiveCfg = Debug|Any CPU
		{A66932F6-52B2-4D55-8CFA-50F783DA6AC3}.Debug|Any CPU.Build.0 = Debug|Any CPU
		{A66932F6-52B2-4D55-8CFA-50F783DA6AC3}.Release|Any CPU.ActiveCfg = Release|Any CPU
		{A66932F6-52B2-4D55-8CFA-50F783DA6AC3}.Release|Any CPU.Build.0 = Release|Any CPU
	EndGlobalSection
	GlobalSection(SolutionProperties) = preSolution
		HideSolutionNode = FALSE
	EndGlobalSection
	GlobalSection(ExtensibilityGlobals) = postSolution
		SolutionGuid = {0DF27325-07AE-4445-8F45-F565CF20A007}
	EndGlobalSection
EndGlobal
